
Microsoft Visual Studio Solution File, Format Version 12.00
# Visual Studio Version 17
VisualStudioVersion = 17.7.34031.279
MinimumVisualStudioVersion = 10.0.40219.1
Project("{FAE04EC0-301F-11D3-BF4B-00C04F79EFBC}") = "SchachConsole", "SchachConsole\SchachConsole.csproj", "{1261083F-A711-4A8E-ABB2-F0B0A01C0C7D}"
EndProject
Global
	GlobalSection(SolutionConfigurationPlatforms) = preSolution
		Debug|Any CPU = Debug|Any CPU
		Release|Any CPU = Release|Any CPU
	EndGlobalSection
	GlobalSection(ProjectConfigurationPlatforms) = postSolution
		{1261083F-A711-4A8E-ABB2-F0B0A01C0C7D}.Debug|Any CPU.ActiveCfg = Debug|Any CPU
		{1261083F-A711-4A8E-ABB2-F0B0A01C0C7D}.Debug|Any CPU.Build.0 = Debug|Any CPU
		{1261083F-A711-4A8E-ABB2-F0B0A01C0C7D}.Release|Any CPU.ActiveCfg = Release|Any CPU
		{1261083F-A711-4A8E-ABB2-F0B0A01C0C7D}.Release|Any CPU.Build.0 = Release|Any CPU
	EndGlobalSection
	GlobalSection(SolutionProperties) = preSolution
		HideSolutionNode = FALSE
	EndGlobalSection
	GlobalSection(ExtensibilityGlobals) = postSolution
		SolutionGuid = {AD456609-57A6-4C23-B5D0-EB19A3A1FDD9}
	EndGlobalSection
EndGlobal
